// !$*UTF8*$!
{
	archiveVersion = 1;
	classes = {
	};
	objectVersion = 46;
	objects = {

/* Begin PBXBuildFile section */
		D0A9F01D1EC5F79200698C85 /* AppDelegate.swift in Sources */ = {isa = PBXBuildFile; fileRef = D0A9F01C1EC5F79200698C85 /* AppDelegate.swift */; };
		D0A9F01F1EC5F79200698C85 /* ViewController.swift in Sources */ = {isa = PBXBuildFile; fileRef = D0A9F01E1EC5F79200698C85 /* ViewController.swift */; };
		D0A9F0221EC5F79200698C85 /* Main.storyboard in Resources */ = {isa = PBXBuildFile; fileRef = D0A9F0201EC5F79200698C85 /* Main.storyboard */; };
		D0A9F0241EC5F79200698C85 /* Assets.xcassets in Resources */ = {isa = PBXBuildFile; fileRef = D0A9F0231EC5F79200698C85 /* Assets.xcassets */; };
		D0A9F0271EC5F79200698C85 /* LaunchScreen.storyboard in Resources */ = {isa = PBXBuildFile; fileRef = D0A9F0251EC5F79200698C85 /* LaunchScreen.storyboard */; };
		D0A9F0321EC5F79200698C85 /* Hello_WorldTests.swift in Sources */ = {isa = PBXBuildFile; fileRef = D0A9F0311EC5F79200698C85 /* Hello_WorldTests.swift */; };
		D0A9F03D1EC5F79200698C85 /* Hello_WorldUITests.swift in Sources */ = {isa = PBXBuildFile; fileRef = D0A9F03C1EC5F79200698C85 /* Hello_WorldUITests.swift */; };
/* End PBXBuildFile section */

/* Begin PBXContainerItemProxy section */
		D0A9F02E1EC5F79200698C85 /* PBXContainerItemProxy */ = {
			isa = PBXContainerItemProxy;
			containerPortal = D0A9F0111EC5F79200698C85 /* Project object */;
			proxyType = 1;
			remoteGlobalIDString = D0A9F0181EC5F79200698C85;
			remoteInfo = "Hello World";
		};
		D0A9F0391EC5F79200698C85 /* PBXContainerItemProxy */ = {
			isa = PBXContainerItemProxy;
			containerPortal = D0A9F0111EC5F79200698C85 /* Project object */;
			proxyType = 1;
			remoteGlobalIDString = D0A9F0181EC5F79200698C85;
			remoteInfo = "Hello World";
		};
/* End PBXContainerItemProxy section */

/* Begin PBXFileReference section */
		D0A9F0191EC5F79200698C85 /* Hello World.app */ = {isa = PBXFileReference; explicitFileType = wrapper.application; includeInIndex = 0; path = "Hello World.app"; sourceTree = BUILT_PRODUCTS_DIR; };
		D0A9F01C1EC5F79200698C85 /* AppDelegate.swift */ = {isa = PBXFileReference; lastKnownFileType = sourcecode.swift; path = AppDelegate.swift; sourceTree = "<group>"; };
		D0A9F01E1EC5F79200698C85 /* ViewController.swift */ = {isa = PBXFileReference; lastKnownFileType = sourcecode.swift; path = ViewController.swift; sourceTree = "<group>"; };
		D0A9F0211EC5F79200698C85 /* Base */ = {isa = PBXFileReference; lastKnownFileType = file.storyboard; name = Base; path = Base.lproj/Main.storyboard; sourceTree = "<group>"; };
		D0A9F0231EC5F79200698C85 /* Assets.xcassets */ = {isa = PBXFileReference; lastKnownFileType = folder.assetcatalog; path = Assets.xcassets; sourceTree = "<group>"; };
		D0A9F0261EC5F79200698C85 /* Base */ = {isa = PBXFileReference; lastKnownFileType = file.storyboard; name = Base; path = Base.lproj/LaunchScreen.storyboard; sourceTree = "<group>"; };
		D0A9F0281EC5F79200698C85 /* Info.plist */ = {isa = PBXFileReference; lastKnownFileType = text.plist.xml; path = Info.plist; sourceTree = "<group>"; };
		D0A9F02D1EC5F79200698C85 /* Hello WorldTests.xctest */ = {isa = PBXFileReference; explicitFileType = wrapper.cfbundle; includeInIndex = 0; path = "Hello WorldTests.xctest"; sourceTree = BUILT_PRODUCTS_DIR; };
		D0A9F0311EC5F79200698C85 /* Hello_WorldTests.swift */ = {isa = PBXFileReference; lastKnownFileType = sourcecode.swift; path = Hello_WorldTests.swift; sourceTree = "<group>"; };
		D0A9F0331EC5F79200698C85 /* Info.plist */ = {isa = PBXFileReference; lastKnownFileType = text.plist.xml; path = Info.plist; sourceTree = "<group>"; };
		D0A9F0381EC5F79200698C85 /* Hello WorldUITests.xctest */ = {isa = PBXFileReference; explicitFileType = wrapper.cfbundle; includeInIndex = 0; path = "Hello WorldUITests.xctest"; sourceTree = BUILT_PRODUCTS_DIR; };
		D0A9F03C1EC5F79200698C85 /* Hello_WorldUITests.swift */ = {isa = PBXFileReference; lastKnownFileType = sourcecode.swift; path = Hello_WorldUITests.swift; sourceTree = "<group>"; };
		D0A9F03E1EC5F79200698C85 /* Info.plist */ = {isa = PBXFileReference; lastKnownFileType = text.plist.xml; path = Info.plist; sourceTree = "<group>"; };
/* End PBXFileReference section */

/* Begin PBXFrameworksBuildPhase section */
		D0A9F0161EC5F79200698C85 /* Frameworks */ = {
			isa = PBXFrameworksBuildPhase;
			buildActionMask = 2147483647;
			files = (
			);
			runOnlyForDeploymentPostprocessing = 0;
		};
		D0A9F02A1EC5F79200698C85 /* Frameworks */ = {
			isa = PBXFrameworksBuildPhase;
			buildActionMask = 2147483647;
			files = (
			);
			runOnlyForDeploymentPostprocessing = 0;
		};
		D0A9F0351EC5F79200698C85 /* Frameworks */ = {
			isa = PBXFrameworksBuildPhase;
			buildActionMask = 2147483647;
			files = (
			);
			runOnlyForDeploymentPostprocessing = 0;
		};
/* End PBXFrameworksBuildPhase section */

/* Begin PBXGroup section */
		D0A9F0101EC5F79200698C85 = {
			isa = PBXGroup;
			children = (
				D0A9F01B1EC5F79200698C85 /* Hello World */,
				D0A9F0301EC5F79200698C85 /* Hello WorldTests */,
				D0A9F03B1EC5F79200698C85 /* Hello WorldUITests */,
				D0A9F01A1EC5F79200698C85 /* Products */,
			);
			sourceTree = "<group>";
		};
		D0A9F01A1EC5F79200698C85 /* Products */ = {
			isa = PBXGroup;
			children = (
				D0A9F0191EC5F79200698C85 /* Hello World.app */,
				D0A9F02D1EC5F79200698C85 /* Hello WorldTests.xctest */,
				D0A9F0381EC5F79200698C85 /* Hello WorldUITests.xctest */,
			);
			name = Products;
			sourceTree = "<group>";
		};
		D0A9F01B1EC5F79200698C85 /* Hello World */ = {
			isa = PBXGroup;
			children = (
				D0A9F01C1EC5F79200698C85 /* AppDelegate.swift */,
				D0A9F01E1EC5F79200698C85 /* ViewController.swift */,
				D0A9F0201EC5F79200698C85 /* Main.storyboard */,
				D0A9F0231EC5F79200698C85 /* Assets.xcassets */,
				D0A9F0251EC5F79200698C85 /* LaunchScreen.storyboard */,
				D0A9F0281EC5F79200698C85 /* Info.plist */,
			);
			path = "Hello World";
			sourceTree = "<group>";
		};
		D0A9F0301EC5F79200698C85 /* Hello WorldTests */ = {
			isa = PBXGroup;
			children = (
				D0A9F0311EC5F79200698C85 /* Hello_WorldTests.swift */,
				D0A9F0331EC5F79200698C85 /* Info.plist */,
			);
			path = "Hello WorldTests";
			sourceTree = "<group>";
		};
		D0A9F03B1EC5F79200698C85 /* Hello WorldUITests */ = {
			isa = PBXGroup;
			children = (
				D0A9F03C1EC5F79200698C85 /* Hello_WorldUITests.swift */,
				D0A9F03E1EC5F79200698C85 /* Info.plist */,
			);
			path = "Hello WorldUITests";
			sourceTree = "<group>";
		};
/* End PBXGroup section */

/* Begin PBXNativeTarget section */
		D0A9F0181EC5F79200698C85 /* Hello World */ = {
			isa = PBXNativeTarget;
			buildConfigurationList = D0A9F0411EC5F79200698C85 /* Build configuration list for PBXNativeTarget "Hello World" */;
			buildPhases = (
				D0A9F0151EC5F79200698C85 /* Sources */,
				D0A9F0161EC5F79200698C85 /* Frameworks */,
				D0A9F0171EC5F79200698C85 /* Resources */,
			);
			buildRules = (
			);
			dependencies = (
			);
			name = "Hello World";
			productName = "Hello World";
			productReference = D0A9F0191EC5F79200698C85 /* Hello World.app */;
			productType = "com.apple.product-type.application";
		};
		D0A9F02C1EC5F79200698C85 /* Hello WorldTests */ = {
			isa = PBXNativeTarget;
			buildConfigurationList = D0A9F0441EC5F79200698C85 /* Build configuration list for PBXNativeTarget "Hello WorldTests" */;
			buildPhases = (
				D0A9F0291EC5F79200698C85 /* Sources */,
				D0A9F02A1EC5F79200698C85 /* Frameworks */,
				D0A9F02B1EC5F79200698C85 /* Resources */,
			);
			buildRules = (
			);
			dependencies = (
				D0A9F02F1EC5F79200698C85 /* PBXTargetDependency */,
			);
			name = "Hello WorldTests";
			productName = "Hello WorldTests";
			productReference = D0A9F02D1EC5F79200698C85 /* Hello WorldTests.xctest */;
			productType = "com.apple.product-type.bundle.unit-test";
		};
		D0A9F0371EC5F79200698C85 /* Hello WorldUITests */ = {
			isa = PBXNativeTarget;
			buildConfigurationList = D0A9F0471EC5F79200698C85 /* Build configuration list for PBXNativeTarget "Hello WorldUITests" */;
			buildPhases = (
				D0A9F0341EC5F79200698C85 /* Sources */,
				D0A9F0351EC5F79200698C85 /* Frameworks */,
				D0A9F0361EC5F79200698C85 /* Resources */,
			);
			buildRules = (
			);
			dependencies = (
				D0A9F03A1EC5F79200698C85 /* PBXTargetDependency */,
			);
			name = "Hello WorldUITests";
			productName = "Hello WorldUITests";
			productReference = D0A9F0381EC5F79200698C85 /* Hello WorldUITests.xctest */;
			productType = "com.apple.product-type.bundle.ui-testing";
		};
/* End PBXNativeTarget section */

/* Begin PBXProject section */
		D0A9F0111EC5F79200698C85 /* Project object */ = {
			isa = PBXProject;
			attributes = {
				LastSwiftUpdateCheck = 0830;
				LastUpgradeCheck = 0830;
				ORGANIZATIONNAME = "Ivan Jorge";
				TargetAttributes = {
					D0A9F0181EC5F79200698C85 = {
						CreatedOnToolsVersion = 8.3.2;
						ProvisioningStyle = Automatic;
					};
					D0A9F02C1EC5F79200698C85 = {
						CreatedOnToolsVersion = 8.3.2;
						ProvisioningStyle = Automatic;
						TestTargetID = D0A9F0181EC5F79200698C85;
					};
					D0A9F0371EC5F79200698C85 = {
						CreatedOnToolsVersion = 8.3.2;
						ProvisioningStyle = Automatic;
						TestTargetID = D0A9F0181EC5F79200698C85;
					};
				};
			};
			buildConfigurationList = D0A9F0141EC5F79200698C85 /* Build configuration list for PBXProject "Hello World" */;
			compatibilityVersion = "Xcode 3.2";
			developmentRegion = English;
			hasScannedForEncodings = 0;
			knownRegions = (
				en,
				Base,
			);
			mainGroup = D0A9F0101EC5F79200698C85;
			productRefGroup = D0A9F01A1EC5F79200698C85 /* Products */;
			projectDirPath = "";
			projectRoot = "";
			targets = (
				D0A9F0181EC5F79200698C85 /* Hello World */,
				D0A9F02C1EC5F79200698C85 /* Hello WorldTests */,
				D0A9F0371EC5F79200698C85 /* Hello WorldUITests */,
			);
		};
/* End PBXProject section */

/* Begin PBXResourcesBuildPhase section */
		D0A9F0171EC5F79200698C85 /* Resources */ = {
			isa = PBXResourcesBuildPhase;
			buildActionMask = 2147483647;
			files = (
				D0A9F0271EC5F79200698C85 /* LaunchScreen.storyboard in Resources */,
				D0A9F0241EC5F79200698C85 /* Assets.xcassets in Resources */,
				D0A9F0221EC5F79200698C85 /* Main.storyboard in Resources */,
			);
			runOnlyForDeploymentPostprocessing = 0;
		};
		D0A9F02B1EC5F79200698C85 /* Resources */ = {
			isa = PBXResourcesBuildPhase;
			buildActionMask = 2147483647;
			files = (
			);
			runOnlyForDeploymentPostprocessing = 0;
		};
		D0A9F0361EC5F79200698C85 /* Resources */ = {
			isa = PBXResourcesBuildPhase;
			buildActionMask = 2147483647;
			files = (
			);
			runOnlyForDeploymentPostprocessing = 0;
		};
/* End PBXResourcesBuildPhase section */

/* Begin PBXSourcesBuildPhase section */
		D0A9F0151EC5F79200698C85 /* Sources */ = {
			isa = PBXSourcesBuildPhase;
			buildActionMask = 2147483647;
			files = (
				D0A9F01F1EC5F79200698C85 /* ViewController.swift in Sources */,
				D0A9F01D1EC5F79200698C85 /* AppDelegate.swift in Sources */,
			);
			runOnlyForDeploymentPostprocessing = 0;
		};
		D0A9F0291EC5F79200698C85 /* Sources */ = {
			isa = PBXSourcesBuildPhase;
			buildActionMask = 2147483647;
			files = (
				D0A9F0321EC5F79200698C85 /* Hello_WorldTests.swift in Sources */,
			);
			runOnlyForDeploymentPostprocessing = 0;
		};
		D0A9F0341EC5F79200698C85 /* Sources */ = {
			isa = PBXSourcesBuildPhase;
			buildActionMask = 2147483647;
			files = (
				D0A9F03D1EC5F79200698C85 /* Hello_WorldUITests.swift in Sources */,
			);
			runOnlyForDeploymentPostprocessing = 0;
		};
/* End PBXSourcesBuildPhase section */

/* Begin PBXTargetDependency section */
		D0A9F02F1EC5F79200698C85 /* PBXTargetDependency */ = {
			isa = PBXTargetDependency;
			target = D0A9F0181EC5F79200698C85 /* Hello World */;
			targetProxy = D0A9F02E1EC5F79200698C85 /* PBXContainerItemProxy */;
		};
		D0A9F03A1EC5F79200698C85 /* PBXTargetDependency */ = {
			isa = PBXTargetDependency;
			target = D0A9F0181EC5F79200698C85 /* Hello World */;
			targetProxy = D0A9F0391EC5F79200698C85 /* PBXContainerItemProxy */;
		};
/* End PBXTargetDependency section */

/* Begin PBXVariantGroup section */
		D0A9F0201EC5F79200698C85 /* Main.storyboard */ = {
			isa = PBXVariantGroup;
			children = (
				D0A9F0211EC5F79200698C85 /* Base */,
			);
			name = Main.storyboard;
			sourceTree = "<group>";
		};
		D0A9F0251EC5F79200698C85 /* LaunchScreen.storyboard */ = {
			isa = PBXVariantGroup;
			children = (
				D0A9F0261EC5F79200698C85 /* Base */,
			);
			name = LaunchScreen.storyboard;
			sourceTree = "<group>";
		};
/* End PBXVariantGroup section */

/* Begin XCBuildConfiguration section */
		D0A9F03F1EC5F79200698C85 /* Debug */ = {
			isa = XCBuildConfiguration;
			buildSettings = {
				ALWAYS_SEARCH_USER_PATHS = NO;
				CLANG_ANALYZER_NONNULL = YES;
				CLANG_ANALYZER_NUMBER_OBJECT_CONVERSION = YES_AGGRESSIVE;
				CLANG_CXX_LANGUAGE_STANDARD = "gnu++0x";
				CLANG_CXX_LIBRARY = "libc++";
				CLANG_ENABLE_MODULES = YES;
				CLANG_ENABLE_OBJC_ARC = YES;
				CLANG_WARN_BOOL_CONVERSION = YES;
				CLANG_WARN_CONSTANT_CONVERSION = YES;
				CLANG_WARN_DIRECT_OBJC_ISA_USAGE = YES_ERROR;
				CLANG_WARN_DOCUMENTATION_COMMENTS = YES;
				CLANG_WARN_EMPTY_BODY = YES;
				CLANG_WARN_ENUM_CONVERSION = YES;
				CLANG_WARN_INFINITE_RECURSION = YES;
				CLANG_WARN_INT_CONVERSION = YES;
				CLANG_WARN_OBJC_ROOT_CLASS = YES_ERROR;
				CLANG_WARN_SUSPICIOUS_MOVE = YES;
				CLANG_WARN_UNREACHABLE_CODE = YES;
				CLANG_WARN__DUPLICATE_METHOD_MATCH = YES;
				"CODE_SIGN_IDENTITY[sdk=iphoneos*]" = "iPhone Developer";
				COPY_PHASE_STRIP = NO;
				DEBUG_INFORMATION_FORMAT = dwarf;
				ENABLE_STRICT_OBJC_MSGSEND = YES;
				ENABLE_TESTABILITY = YES;
				GCC_C_LANGUAGE_STANDARD = gnu99;
				GCC_DYNAMIC_NO_PIC = NO;
				GCC_NO_COMMON_BLOCKS = YES;
				GCC_OPTIMIZATION_LEVEL = 0;
				GCC_PREPROCESSOR_DEFINITIONS = (
					"DEBUG=1",
					"$(inherited)",
				);
				GCC_WARN_64_TO_32_BIT_CONVERSION = YES;
				GCC_WARN_ABOUT_RETURN_TYPE = YES_ERROR;
				GCC_WARN_UNDECLARED_SELECTOR = YES;
				GCC_WARN_UNINITIALIZED_AUTOS = YES_AGGRESSIVE;
				GCC_WARN_UNUSED_FUNCTION = YES;
				GCC_WARN_UNUSED_VARIABLE = YES;
				IPHONEOS_DEPLOYMENT_TARGET = 10.3;
				MTL_ENABLE_DEBUG_INFO = YES;
				ONLY_ACTIVE_ARCH = YES;
				SDKROOT = iphoneos;
				SWIFT_ACTIVE_COMPILATION_CONDITIONS = DEBUG;
				SWIFT_OPTIMIZATION_LEVEL = "-Onone";
				TARGETED_DEVICE_FAMILY = "1,2";
			};
			name = Debug;
		};
		D0A9F0401EC5F79200698C85 /* Release */ = {
			isa = XCBuildConfiguration;
			buildSettings = {
				ALWAYS_SEARCH_USER_PATHS = NO;
				CLANG_ANALYZER_NONNULL = YES;
				CLANG_ANALYZER_NUMBER_OBJECT_CONVERSION = YES_AGGRESSIVE;
				CLANG_CXX_LANGUAGE_STANDARD = "gnu++0x";
				CLANG_CXX_LIBRARY = "libc++";
				CLANG_ENABLE_MODULES = YES;
				CLANG_ENABLE_OBJC_ARC = YES;
				CLANG_WARN_BOOL_CONVERSION = YES;
				CLANG_WARN_CONSTANT_CONVERSION = YES;
				CLANG_WARN_DIRECT_OBJC_ISA_USAGE = YES_ERROR;
				CLANG_WARN_DOCUMENTATION_COMMENTS = YES;
				CLANG_WARN_EMPTY_BODY = YES;
				CLANG_WARN_ENUM_CONVERSION = YES;
				CLANG_WARN_INFINITE_RECURSION = YES;
				CLANG_WARN_INT_CONVERSION = YES;
				CLANG_WARN_OBJC_ROOT_CLASS = YES_ERROR;
				CLANG_WARN_SUSPICIOUS_MOVE = YES;
				CLANG_WARN_UNREACHABLE_CODE = YES;
				CLANG_WARN__DUPLICATE_METHOD_MATCH = YES;
				"CODE_SIGN_IDENTITY[sdk=iphoneos*]" = "iPhone Developer";
				COPY_PHASE_STRIP = NO;
				DEBUG_INFORMATION_FORMAT = "dwarf-with-dsym";
				ENABLE_NS_ASSERTIONS = NO;
				ENABLE_STRICT_OBJC_MSGSEND = YES;
				GCC_C_LANGUAGE_STANDARD = gnu99;
				GCC_NO_COMMON_BLOCKS = YES;
				GCC_WARN_64_TO_32_BIT_CONVERSION = YES;
				GCC_WARN_ABOUT_RETURN_TYPE = YES_ERROR;
				GCC_WARN_UNDECLARED_SELECTOR = YES;
				GCC_WARN_UNINITIALIZED_AUTOS = YES_AGGRESSIVE;
				GCC_WARN_UNUSED_FUNCTION = YES;
				GCC_WARN_UNUSED_VARIABLE = YES;
				IPHONEOS_DEPLOYMENT_TARGET = 10.3;
				MTL_ENABLE_DEBUG_INFO = NO;
				SDKROOT = iphoneos;
				SWIFT_OPTIMIZATION_LEVEL = "-Owholemodule";
				TARGETED_DEVICE_FAMILY = "1,2";
				VALIDATE_PRODUCT = YES;
			};
			name = Release;
		};
		D0A9F0421EC5F79200698C85 /* Debug */ = {
			isa = XCBuildConfiguration;
			buildSettings = {
				ASSETCATALOG_COMPILER_APPICON_NAME = AppIcon;
				INFOPLIST_FILE = "Hello World/Info.plist";
				LD_RUNPATH_SEARCH_PATHS = "$(inherited) @executable_path/Frameworks";
				PRODUCT_BUNDLE_IDENTIFIER = "i.Hello-World";
				PRODUCT_NAME = "$(TARGET_NAME)";
				SWIFT_VERSION = 3.0;
			};
			name = Debug;
		};
		D0A9F0431EC5F79200698C85 /* Release */ = {
			isa = XCBuildConfiguration;
			buildSettings = {
				ASSETCATALOG_COMPILER_APPICON_NAME = AppIcon;
				INFOPLIST_FILE = "Hello World/Info.plist";
				LD_RUNPATH_SEARCH_PATHS = "$(inherited) @executable_path/Frameworks";
				PRODUCT_BUNDLE_IDENTIFIER = "i.Hello-World";
				PRODUCT_NAME = "$(TARGET_NAME)";
				SWIFT_VERSION = 3.0;
			};
			name = Release;
		};
		D0A9F0451EC5F79200698C85 /* Debug */ = {
			isa = XCBuildConfiguration;
			buildSettings = {
				ALWAYS_EMBED_SWIFT_STANDARD_LIBRARIES = YES;
				BUNDLE_LOADER = "$(TEST_HOST)";
				INFOPLIST_FILE = "Hello WorldTests/Info.plist";
				LD_RUNPATH_SEARCH_PATHS = "$(inherited) @executable_path/Frameworks @loader_path/Frameworks";
				PRODUCT_BUNDLE_IDENTIFIER = "i.Hello-WorldTests";
				PRODUCT_NAME = "$(TARGET_NAME)";
				SWIFT_VERSION = 3.0;
				TEST_HOST = "$(BUILT_PRODUCTS_DIR)/Hello World.app/Hello World";
			};
			name = Debug;
		};
		D0A9F0461EC5F79200698C85 /* Release */ = {
			isa = XCBuildConfiguration;
			buildSettings = {
				ALWAYS_EMBED_SWIFT_STANDARD_LIBRARIES = YES;
				BUNDLE_LOADER = "$(TEST_HOST)";
				INFOPLIST_FILE = "Hello WorldTests/Info.plist";
				LD_RUNPATH_SEARCH_PATHS = "$(inherited) @executable_path/Frameworks @loader_path/Frameworks";
				PRODUCT_BUNDLE_IDENTIFIER = "i.Hello-WorldTests";
				PRODUCT_NAME = "$(TARGET_NAME)";
				SWIFT_VERSION = 3.0;
				TEST_HOST = "$(BUILT_PRODUCTS_DIR)/Hello World.app/Hello World";
			};
			name = Release;
		};
		D0A9F0481EC5F79200698C85 /* Debug */ = {
			isa = XCBuildConfiguration;
			buildSettings = {
				ALWAYS_EMBED_SWIFT_STANDARD_LIBRARIES = YES;
				INFOPLIST_FILE = "Hello WorldUITests/Info.plist";
				LD_RUNPATH_SEARCH_PATHS = "$(inherited) @executable_path/Frameworks @loader_path/Frameworks";
				PRODUCT_BUNDLE_IDENTIFIER = "i.Hello-WorldUITests";
				PRODUCT_NAME = "$(TARGET_NAME)";
				SWIFT_VERSION = 3.0;
				TEST_TARGET_NAME = "Hello World";
			};
			name = Debug;
		};
		D0A9F0491EC5F79200698C85 /* Release */ = {
			isa = XCBuildConfiguration;
			buildSettings = {
				ALWAYS_EMBED_SWIFT_STANDARD_LIBRARIES = YES;
				INFOPLIST_FILE = "Hello WorldUITests/Info.plist";
				LD_RUNPATH_SEARCH_PATHS = "$(inherited) @executable_path/Frameworks @loader_path/Frameworks";
				PRODUCT_BUNDLE_IDENTIFIER = "i.Hello-WorldUITests";
				PRODUCT_NAME = "$(TARGET_NAME)";
				SWIFT_VERSION = 3.0;
				TEST_TARGET_NAME = "Hello World";
			};
			name = Release;
		};
/* End XCBuildConfiguration section */

/* Begin XCConfigurationList section */
		D0A9F0141EC5F79200698C85 /* Build configuration list for PBXProject "Hello World" */ = {
			isa = XCConfigurationList;
			buildConfigurations = (
				D0A9F03F1EC5F79200698C85 /* Debug */,
				D0A9F0401EC5F79200698C85 /* Release */,
			);
			defaultConfigurationIsVisible = 0;
			defaultConfigurationName = Release;
		};
		D0A9F0411EC5F79200698C85 /* Build configuration list for PBXNativeTarget "Hello World" */ = {
			isa = XCConfigurationList;
			buildConfigurations = (
				D0A9F0421EC5F79200698C85 /* Debug */,
				D0A9F0431EC5F79200698C85 /* Release */,
			);
			defaultConfigurationIsVisible = 0;
		};
		D0A9F0441EC5F79200698C85 /* Build configuration list for PBXNativeTarget "Hello WorldTests" */ = {
			isa = XCConfigurationList;
			buildConfigurations = (
				D0A9F0451EC5F79200698C85 /* Debug */,
				D0A9F0461EC5F79200698C85 /* Release */,
			);
			defaultConfigurationIsVisible = 0;
		};
		D0A9F0471EC5F79200698C85 /* Build configuration list for PBXNativeTarget "Hello WorldUITests" */ = {
			isa = XCConfigurationList;
			buildConfigurations = (
				D0A9F0481EC5F79200698C85 /* Debug */,
				D0A9F0491EC5F79200698C85 /* Release */,
			);
			defaultConfigurationIsVisible = 0;
		};
/* End XCConfigurationList section */
	};
	rootObject = D0A9F0111EC5F79200698C85 /* Project object */;
}
